
Microsoft Visual Studio Solution File, Format Version 12.00
# Visual Studio 2012
Project("{8BC9CEB8-8B4A-11D0-8D11-00A0C91BC942}") = "SGEngine", "SGEngine\SGEngine.vcxproj", "{B9D8AE61-1EC9-43A4-84F5-10C6B1CD482B}"
	ProjectSection(ProjectDependencies) = postProject
		{DE850ABA-DA32-4D70-9608-3662ACCBD829} = {DE850ABA-DA32-4D70-9608-3662ACCBD829}
	EndProjectSection
EndProject
Project("{8BC9CEB8-8B4A-11D0-8D11-00A0C91BC942}") = "LuaInterface", "LuaInterface\LuaInterface.vcxproj", "{1D67E0E6-A904-4EA5-A68E-F9A60F11DFA6}"
	ProjectSection(ProjectDependencies) = postProject
		{B9D8AE61-1EC9-43A4-84F5-10C6B1CD482B} = {B9D8AE61-1EC9-43A4-84F5-10C6B1CD482B}
		{DE850ABA-DA32-4D70-9608-3662ACCBD829} = {DE850ABA-DA32-4D70-9608-3662ACCBD829}
	EndProjectSection
EndProject
Project("{8BC9CEB8-8B4A-11D0-8D11-00A0C91BC942}") = "HgeInterface", "HgeInterface\HgeInterface.vcxproj", "{6E6419A2-E632-45FE-ABF6-1D00854D54F2}"
	ProjectSection(ProjectDependencies) = postProject
		{B9D8AE61-1EC9-43A4-84F5-10C6B1CD482B} = {B9D8AE61-1EC9-43A4-84F5-10C6B1CD482B}
		{DE850ABA-DA32-4D70-9608-3662ACCBD829} = {DE850ABA-DA32-4D70-9608-3662ACCBD829}
	EndProjectSection
EndProject
Project("{8BC9CEB8-8B4A-11D0-8D11-00A0C91BC942}") = "UnitTests", "UnitTests\UnitTests.vcxproj", "{98529BCF-3852-48B1-A20B-464CDFCEA12F}"
	ProjectSection(ProjectDependencies) = postProject
		{B9D8AE61-1EC9-43A4-84F5-10C6B1CD482B} = {B9D8AE61-1EC9-43A4-84F5-10C6B1CD482B}
		{912A6497-7CC2-4292-9C90-45682E89780B} = {912A6497-7CC2-4292-9C90-45682E89780B}
		{6E6419A2-E632-45FE-ABF6-1D00854D54F2} = {6E6419A2-E632-45FE-ABF6-1D00854D54F2}
		{DE850ABA-DA32-4D70-9608-3662ACCBD829} = {DE850ABA-DA32-4D70-9608-3662ACCBD829}
		{1D67E0E6-A904-4EA5-A68E-F9A60F11DFA6} = {1D67E0E6-A904-4EA5-A68E-F9A60F11DFA6}
	EndProjectSection
EndProject
Project("{8BC9CEB8-8B4A-11D0-8D11-00A0C91BC942}") = "DebugHelpers", "DebugHelpers\DebugHelpers.vcxproj", "{DE850ABA-DA32-4D70-9608-3662ACCBD829}"
EndProject
Project("{8BC9CEB8-8B4A-11D0-8D11-00A0C91BC942}") = "Game", "Game\Game.vcxproj", "{7569D2C9-9CC0-4597-804B-ABC8923AC148}"
	ProjectSection(ProjectDependencies) = postProject
		{B9D8AE61-1EC9-43A4-84F5-10C6B1CD482B} = {B9D8AE61-1EC9-43A4-84F5-10C6B1CD482B}
		{912A6497-7CC2-4292-9C90-45682E89780B} = {912A6497-7CC2-4292-9C90-45682E89780B}
		{DE850ABA-DA32-4D70-9608-3662ACCBD829} = {DE850ABA-DA32-4D70-9608-3662ACCBD829}
	EndProjectSection
EndProject
Project("{8BC9CEB8-8B4A-11D0-8D11-00A0C91BC942}") = "StealthGame", "StealthGame\StealthGame.vcxproj", "{912A6497-7CC2-4292-9C90-45682E89780B}"
	ProjectSection(ProjectDependencies) = postProject
		{09E69F0C-7DD1-465E-B8B4-6F06F31E3C2A} = {09E69F0C-7DD1-465E-B8B4-6F06F31E3C2A}
		{B9D8AE61-1EC9-43A4-84F5-10C6B1CD482B} = {B9D8AE61-1EC9-43A4-84F5-10C6B1CD482B}
		{6E6419A2-E632-45FE-ABF6-1D00854D54F2} = {6E6419A2-E632-45FE-ABF6-1D00854D54F2}
		{DE850ABA-DA32-4D70-9608-3662ACCBD829} = {DE850ABA-DA32-4D70-9608-3662ACCBD829}
		{1D67E0E6-A904-4EA5-A68E-F9A60F11DFA6} = {1D67E0E6-A904-4EA5-A68E-F9A60F11DFA6}
	EndProjectSection
EndProject
Project("{8BC9CEB8-8B4A-11D0-8D11-00A0C91BC942}") = "SqliteInterface", "SqliteInterface\SqliteInterface.vcxproj", "{09E69F0C-7DD1-465E-B8B4-6F06F31E3C2A}"
EndProject
Global
	GlobalSection(SolutionConfigurationPlatforms) = preSolution
		Debug|Win32 = Debug|Win32
		Release|Win32 = Release|Win32
	EndGlobalSection
	GlobalSection(ProjectConfigurationPlatforms) = postSolution
		{B9D8AE61-1EC9-43A4-84F5-10C6B1CD482B}.Debug|Win32.ActiveCfg = Debug|Win32
		{B9D8AE61-1EC9-43A4-84F5-10C6B1CD482B}.Debug|Win32.Build.0 = Debug|Win32
		{B9D8AE61-1EC9-43A4-84F5-10C6B1CD482B}.Release|Win32.ActiveCfg = Release|Win32
		{B9D8AE61-1EC9-43A4-84F5-10C6B1CD482B}.Release|Win32.Build.0 = Release|Win32
		{B9D8AE61-1EC9-43A4-84F5-10C6B1CD482B}.Release|Win32.Deploy.0 = Release|Win32
		{1D67E0E6-A904-4EA5-A68E-F9A60F11DFA6}.Debug|Win32.ActiveCfg = Debug|Win32
		{1D67E0E6-A904-4EA5-A68E-F9A60F11DFA6}.Debug|Win32.Build.0 = Debug|Win32
		{1D67E0E6-A904-4EA5-A68E-F9A60F11DFA6}.Release|Win32.ActiveCfg = Release|Win32
		{1D67E0E6-A904-4EA5-A68E-F9A60F11DFA6}.Release|Win32.Build.0 = Release|Win32
		{6E6419A2-E632-45FE-ABF6-1D00854D54F2}.Debug|Win32.ActiveCfg = Debug|Win32
		{6E6419A2-E632-45FE-ABF6-1D00854D54F2}.Debug|Win32.Build.0 = Debug|Win32
		{6E6419A2-E632-45FE-ABF6-1D00854D54F2}.Release|Win32.ActiveCfg = Release|Win32
		{6E6419A2-E632-45FE-ABF6-1D00854D54F2}.Release|Win32.Build.0 = Release|Win32
		{6E6419A2-E632-45FE-ABF6-1D00854D54F2}.Release|Win32.Deploy.0 = Release|Win32
		{98529BCF-3852-48B1-A20B-464CDFCEA12F}.Debug|Win32.ActiveCfg = Debug|Win32
		{98529BCF-3852-48B1-A20B-464CDFCEA12F}.Debug|Win32.Build.0 = Debug|Win32
		{98529BCF-3852-48B1-A20B-464CDFCEA12F}.Release|Win32.ActiveCfg = Release|Win32
		{98529BCF-3852-48B1-A20B-464CDFCEA12F}.Release|Win32.Build.0 = Release|Win32
		{98529BCF-3852-48B1-A20B-464CDFCEA12F}.Release|Win32.Deploy.0 = Release|Win32
		{DE850ABA-DA32-4D70-9608-3662ACCBD829}.Debug|Win32.ActiveCfg = Debug|Win32
		{DE850ABA-DA32-4D70-9608-3662ACCBD829}.Debug|Win32.Build.0 = Debug|Win32
		{DE850ABA-DA32-4D70-9608-3662ACCBD829}.Release|Win32.ActiveCfg = Release|Win32
		{DE850ABA-DA32-4D70-9608-3662ACCBD829}.Release|Win32.Build.0 = Release|Win32
		{7569D2C9-9CC0-4597-804B-ABC8923AC148}.Debug|Win32.ActiveCfg = Debug|Win32
		{7569D2C9-9CC0-4597-804B-ABC8923AC148}.Debug|Win32.Build.0 = Debug|Win32
		{7569D2C9-9CC0-4597-804B-ABC8923AC148}.Release|Win32.ActiveCfg = Release|Win32
		{7569D2C9-9CC0-4597-804B-ABC8923AC148}.Release|Win32.Build.0 = Release|Win32
		{912A6497-7CC2-4292-9C90-45682E89780B}.Debug|Win32.ActiveCfg = Debug|Win32
		{912A6497-7CC2-4292-9C90-45682E89780B}.Debug|Win32.Build.0 = Debug|Win32
		{912A6497-7CC2-4292-9C90-45682E89780B}.Release|Win32.ActiveCfg = Release|Win32
		{912A6497-7CC2-4292-9C90-45682E89780B}.Release|Win32.Build.0 = Release|Win32
		{09E69F0C-7DD1-465E-B8B4-6F06F31E3C2A}.Debug|Win32.ActiveCfg = Debug|Win32
		{09E69F0C-7DD1-465E-B8B4-6F06F31E3C2A}.Debug|Win32.Build.0 = Debug|Win32
		{09E69F0C-7DD1-465E-B8B4-6F06F31E3C2A}.Release|Win32.ActiveCfg = Release|Win32
		{09E69F0C-7DD1-465E-B8B4-6F06F31E3C2A}.Release|Win32.Build.0 = Release|Win32
	EndGlobalSection
	GlobalSection(SolutionProperties) = preSolution
		HideSolutionNode = FALSE
	EndGlobalSection
EndGlobal
