<?xml version="1.0" encoding="utf-8"?>
<Project ToolsVersion="4.0" xmlns="http://schemas.microsoft.com/developer/msbuild/2003">
  <ItemGroup>
    <ClCompile Include="..\..\src\Engine\Actors\Actor.cpp">
      <Filter>Actors</Filter>
    </ClCompile>
    <ClCompile Include="..\..\src\Engine\Actors\Body.cpp">
      <Filter>Actors</Filter>
    </ClCompile>
    <ClCompile Include="..\..\src\Engine\Actors\Bullet.cpp">
      <Filter>Actors</Filter>
    </ClCompile>
    <ClCompile Include="..\..\src\Engine\Actors\LightEmitter.cpp">
      <Filter>Actors</Filter>
    </ClCompile>
    <ClCompile Include="..\..\src\Engine\Actors\SoundVolume.cpp">
      <Filter>Actors</Filter>
    </ClCompile>
    <ClCompile Include="..\..\src\Engine\AI\AiState.cpp">
      <Filter>AI</Filter>
    </ClCompile>
    <ClCompile Include="..\..\src\Engine\AI\PlayerRole.cpp">
      <Filter>AI</Filter>
    </ClCompile>
    <ClCompile Include="..\..\src\Engine\AI\Role.cpp">
      <Filter>AI</Filter>
    </ClCompile>
    <ClCompile Include="..\..\src\Engine\Core\Vector2D.cpp">
      <Filter>Core</Filter>
    </ClCompile>
    <ClCompile Include="..\..\src\Engine\Core\World.cpp">
      <Filter>Core</Filter>
    </ClCompile>
    <ClCompile Include="..\..\src\Engine\Core\Rotator.cpp">
      <Filter>Core</Filter>
    </ClCompile>
    <ClCompile Include="..\..\src\Engine\Inventory\Weapon.cpp">
      <Filter>Inventory</Filter>
    </ClCompile>
    <ClCompile Include="..\..\src\Engine\Modules\ActorFactory.cpp">
      <Filter>Modules</Filter>
    </ClCompile>
    <ClCompile Include="..\..\src\Engine\Modules\LevelLoader.cpp">
      <Filter>Modules</Filter>
    </ClCompile>
    <ClCompile Include="..\..\src\Engine\Modules\PathFinder.cpp">
      <Filter>Modules</Filter>
    </ClCompile>
    <ClCompile Include="..\..\src\Engine\Modules\Processes.cpp">
      <Filter>Modules</Filter>
    </ClCompile>
    <ClCompile Include="..\..\src\Engine\Modules\RayTrace.cpp">
      <Filter>Modules</Filter>
    </ClCompile>
    <ClCompile Include="..\..\src\Engine\Modules\WorldsContainer.cpp">
      <Filter>Modules</Filter>
    </ClCompile>
    <ClCompile Include="..\..\src\Engine\Structures\Hull.cpp">
      <Filter>Structures</Filter>
    </ClCompile>
    <ClCompile Include="..\..\src\Engine\Structures\PathPoint.cpp">
      <Filter>Structures</Filter>
    </ClCompile>
    <ClCompile Include="..\..\src\Engine\Structures\BoundingBox.cpp">
      <Filter>Structures</Filter>
    </ClCompile>
    <ClCompile Include="..\..\src\Engine\Structures\Border.cpp">
      <Filter>Structures</Filter>
    </ClCompile>
    <ClCompile Include="..\..\src\Engine\Inventory\InventoryItem.cpp">
      <Filter>Inventory</Filter>
    </ClCompile>
  </ItemGroup>
  <ItemGroup>
    <ClInclude Include="..\..\src\Engine\Actors\Actor.h">
      <Filter>Actors</Filter>
    </ClInclude>
    <ClInclude Include="..\..\src\Engine\Actors\Body.h">
      <Filter>Actors</Filter>
    </ClInclude>
    <ClInclude Include="..\..\src\Engine\Actors\Bullet.h">
      <Filter>Actors</Filter>
    </ClInclude>
    <ClInclude Include="..\..\src\Engine\Actors\LightEmitter.h">
      <Filter>Actors</Filter>
    </ClInclude>
    <ClInclude Include="..\..\src\Engine\Actors\SoundVolume.h">
      <Filter>Actors</Filter>
    </ClInclude>
    <ClInclude Include="..\..\src\Engine\AI\AiState.h">
      <Filter>AI</Filter>
    </ClInclude>
    <ClInclude Include="..\..\src\Engine\AI\IAiState.h">
      <Filter>AI</Filter>
    </ClInclude>
    <ClInclude Include="..\..\src\Engine\AI\IBody.h">
      <Filter>AI</Filter>
    </ClInclude>
    <ClInclude Include="..\..\src\Engine\AI\PlayerRole.h">
      <Filter>AI</Filter>
    </ClInclude>
    <ClInclude Include="..\..\src\Engine\AI\Role.h">
      <Filter>AI</Filter>
    </ClInclude>
    <ClInclude Include="..\..\src\Engine\Core\IActor.h">
      <Filter>Core</Filter>
    </ClInclude>
    <ClInclude Include="..\..\src\Engine\Core\Vector2D.h">
      <Filter>Core</Filter>
    </ClInclude>
    <ClInclude Include="..\..\src\Engine\Core\World.h">
      <Filter>Core</Filter>
    </ClInclude>
    <ClInclude Include="..\..\src\Engine\Core\Rotator.h">
      <Filter>Core</Filter>
    </ClInclude>
    <ClInclude Include="..\..\src\Engine\Inventory\Weapon.h">
      <Filter>Inventory</Filter>
    </ClInclude>
    <ClInclude Include="..\..\src\Engine\Modules\ActorFactory.h">
      <Filter>Modules</Filter>
    </ClInclude>
    <ClInclude Include="..\..\src\Engine\Modules\LevelLoader.h">
      <Filter>Modules</Filter>
    </ClInclude>
    <ClInclude Include="..\..\src\Engine\Modules\PathFinder.h">
      <Filter>Modules</Filter>
    </ClInclude>
    <ClInclude Include="..\..\src\Engine\Modules\Processes.h">
      <Filter>Modules</Filter>
    </ClInclude>
    <ClInclude Include="..\..\src\Engine\Modules\RayTrace.h">
      <Filter>Modules</Filter>
    </ClInclude>
    <ClInclude Include="..\..\src\Engine\Modules\WorldsContainer.h">
      <Filter>Modules</Filter>
    </ClInclude>
    <ClInclude Include="..\..\src\Engine\Structures\PathPoint.h">
      <Filter>Structures</Filter>
    </ClInclude>
    <ClInclude Include="..\..\src\Engine\Structures\Hull.h">
      <Filter>Structures</Filter>
    </ClInclude>
    <ClInclude Include="..\..\src\Engine\Structures\BoundingBox.h">
      <Filter>Structures</Filter>
    </ClInclude>
    <ClInclude Include="..\..\src\Engine\Structures\Border.h">
      <Filter>Structures</Filter>
    </ClInclude>
    <ClInclude Include="..\..\src\Engine\Inventory\InventoryItem.h">
      <Filter>Inventory</Filter>
    </ClInclude>
    <ClInclude Include="..\..\src\Engine\Subsystems\Database\DbConnection.h">
      <Filter>Subsystems\Database</Filter>
    </ClInclude>
    <ClInclude Include="..\..\src\Engine\Subsystems\Database\SqlDataReader.h">
      <Filter>Subsystems\Database</Filter>
    </ClInclude>
  </ItemGroup>
  <ItemGroup>
    <Filter Include="Actors">
      <UniqueIdentifier>{f5bf3cf0-bcfd-4b33-855d-02b5160ff74a}</UniqueIdentifier>
    </Filter>
    <Filter Include="AI">
      <UniqueIdentifier>{96082a57-4032-417c-8fe7-ea1ee51d8fb3}</UniqueIdentifier>
    </Filter>
    <Filter Include="Core">
      <UniqueIdentifier>{7ae2a078-487a-4ff7-afc9-4364976c7ca3}</UniqueIdentifier>
    </Filter>
    <Filter Include="Inventory">
      <UniqueIdentifier>{39277181-93e8-4b8d-90ca-21e67304a6a3}</UniqueIdentifier>
    </Filter>
    <Filter Include="Modules">
      <UniqueIdentifier>{f808b7fc-eb05-4ab1-b121-e9ed280d515f}</UniqueIdentifier>
    </Filter>
    <Filter Include="Structures">
      <UniqueIdentifier>{608a6a4a-a026-4b10-9fd3-08a9dd78718e}</UniqueIdentifier>
    </Filter>
    <Filter Include="Subsystems">
      <UniqueIdentifier>{ed9e6403-dae1-4af8-98a0-27f87269e907}</UniqueIdentifier>
    </Filter>
    <Filter Include="Subsystems\Database">
      <UniqueIdentifier>{f5551b3d-d08a-4699-9307-3e92ee66d23a}</UniqueIdentifier>
    </Filter>
  </ItemGroup>
</Project>