<?xml version="1.0" encoding="utf-8"?>
<Project ToolsVersion="4.0" xmlns="http://schemas.microsoft.com/developer/msbuild/2003">
  <ItemGroup>
    <ClCompile Include="..\..\src\HgeInterface\Input\KeyListeners.cpp">
      <Filter>Input</Filter>
    </ClCompile>
    <ClCompile Include="..\..\src\HgeInterface\Graphics\Camera.cpp">
      <Filter>Graphics</Filter>
    </ClCompile>
    <ClCompile Include="..\..\src\HgeInterface\Graphics\DirectionArrow.cpp">
      <Filter>Graphics</Filter>
    </ClCompile>
    <ClCompile Include="..\..\src\HgeInterface\Graphics\FloatingCamera.cpp">
      <Filter>Graphics</Filter>
    </ClCompile>
    <ClCompile Include="..\..\src\HgeInterface\Graphics\GraphicLoader.cpp">
      <Filter>Graphics</Filter>
    </ClCompile>
  </ItemGroup>
  <ItemGroup>
    <ClInclude Include="..\..\src\HgeInterface\Input\KeyListeners.h">
      <Filter>Input</Filter>
    </ClInclude>
    <ClInclude Include="..\..\src\HgeInterface\Graphics\GraphicLoader.h">
      <Filter>Graphics</Filter>
    </ClInclude>
    <ClInclude Include="..\..\src\HgeInterface\Graphics\Camera.h">
      <Filter>Graphics</Filter>
    </ClInclude>
    <ClInclude Include="..\..\src\HgeInterface\Graphics\DirectionArrow.h">
      <Filter>Graphics</Filter>
    </ClInclude>
    <ClInclude Include="..\..\src\HgeInterface\Graphics\FloatingCamera.h">
      <Filter>Graphics</Filter>
    </ClInclude>
  </ItemGroup>
  <ItemGroup>
    <Filter Include="Graphics">
      <UniqueIdentifier>{72a93b6b-9944-405e-932d-d2828be02bd2}</UniqueIdentifier>
    </Filter>
    <Filter Include="Input">
      <UniqueIdentifier>{f7fccf40-0bab-4bdc-83e4-5021807021af}</UniqueIdentifier>
    </Filter>
  </ItemGroup>
</Project>